{
  "nodes": {
    "nixpkgs": {
      "locked": {
        "narHash": "sha256-8qologmuxy9/ABX08o5W/fd3gYReTADtM7EBXfuiF3E=",
        "type": "tarball",
        "url": "https://nixos.org/channels/nixos-21.11/nixexprs.tar.xz"
      },
      "original": {
        "type": "tarball",
        "url": "https://nixos.org/channels/nixos-21.11/nixexprs.tar.xz"
      }
    },
    "root": {
      "inputs": {
        "nixpkgs": "nixpkgs"
      }
    }
  },
  "root": "root",
  "version": 7
}
