{
  "nodes": {
    "nixpkgs": {
      "locked": {
        "lastModified": 1659624436,
        "narHash": "sha256-des9OUzC+IcCqisK3ReEAwfz4NGWxY1X03Mrh8//A7s=",
        "type": "tarball",
        "url": "https://releases.nixos.org/nixos/21.11/nixos-21.11.337975.eabc3821918/nixexprs.tar.xz"
      },
      "original": {
        "type": "tarball",
        "url": "https://nixos.org/channels/nixos-21.11/nixexprs.tar.xz"
      }
    },
    "root": {
      "inputs": {
        "nixpkgs": "nixpkgs"
      }
    }
  },
  "root": "root",
  "version": 7
}
